
Microsoft Visual Studio Solution File, Format Version 12.00
# Visual Studio Version 17
VisualStudioVersion = 17.5.002.0
MinimumVisualStudioVersion = 10.0.40219.1
Project("{9A19103F-16F7-4668-BE54-9A1E7A4F7556}") = "WebAppDemo", "WebAppDemo.csproj", "{26689C16-A660-46EE-83B6-37450A049C3D}"
EndProject
Global
	GlobalSection(SolutionConfigurationPlatforms) = preSolution
		Debug|Any CPU = Debug|Any CPU
		Release|Any CPU = Release|Any CPU
	EndGlobalSection
	GlobalSection(ProjectConfigurationPlatforms) = postSolution
		{26689C16-A660-46EE-83B6-37450A049C3D}.Debug|Any CPU.ActiveCfg = Debug|Any CPU
		{26689C16-A660-46EE-83B6-37450A049C3D}.Debug|Any CPU.Build.0 = Debug|Any CPU
		{26689C16-A660-46EE-83B6-37450A049C3D}.Release|Any CPU.ActiveCfg = Release|Any CPU
		{26689C16-A660-46EE-83B6-37450A049C3D}.Release|Any CPU.Build.0 = Release|Any CPU
	EndGlobalSection
	GlobalSection(SolutionProperties) = preSolution
		HideSolutionNode = FALSE
	EndGlobalSection
	GlobalSection(ExtensibilityGlobals) = postSolution
		SolutionGuid = {D8AD6B17-F261-40BF-BA94-85FB6571D355}
	EndGlobalSection
EndGlobal
